{
  "name": "context-git",
  "version": "0.16.0",
  "lockfileVersion": 1,
  "dependencies": {
    "atom-jasmine2-test-runner": {
      "version": "https://registry.npmjs.org/atom-jasmine2-test-runner/-/atom-jasmine2-test-runner-0.5.0.tgz",
      "integrity": "sha1-UeD6nloq4mQyIrUenfsAsLPqxOQ=",
      "dev": true
    },
    "balanced-match": {
      "version": "https://registry.npmjs.org/balanced-match/-/balanced-match-0.4.2.tgz",
      "integrity": "sha1-yz8+PHMtwPAe5wtAPzAuYddwmDg=",
      "dev": true
    },
    "brace-expansion": {
      "version": "https://registry.npmjs.org/brace-expansion/-/brace-expansion-1.1.6.tgz",
      "integrity": "sha1-cZfX6qm4fmSDkOph/GbIRCdCDfk=",
      "dev": true
    },
    "concat-map": {
      "version": "https://registry.npmjs.org/concat-map/-/concat-map-0.0.1.tgz",
      "integrity": "sha1-2Klr13/Wjfd5OnMDajug1UBdR3s=",
      "dev": true
    },
    "etch": {
      "version": "https://registry.npmjs.org/etch/-/etch-0.12.1.tgz",
      "integrity": "sha1-Whcsdi8GsbcdWK82PNJ+evvMYhc="
    },
    "event-kit": {
      "version": "https://registry.npmjs.org/event-kit/-/event-kit-2.2.0.tgz",
      "integrity": "sha1-Kd9Q3q49bUwcYkUbEJJfKGQekos=",
      "dev": true
    },
    "exit": {
      "version": "https://registry.npmjs.org/exit/-/exit-0.1.2.tgz",
      "integrity": "sha1-BjJjj42HfMghB9MKD/8aF8uhzQw=",
      "dev": true
    },
    "find-parent-dir": {
      "version": "https://registry.npmjs.org/find-parent-dir/-/find-parent-dir-0.3.0.tgz",
      "integrity": "sha1-M8RLQpqysvBkYpnF+fcY83b/jVQ=",
      "dev": true
    },
    "fs.realpath": {
      "version": "https://registry.npmjs.org/fs.realpath/-/fs.realpath-1.0.0.tgz",
      "integrity": "sha1-FQStJSMVjKpA20onh8sBQRmU6k8=",
      "dev": true
    },
    "glob": {
      "version": "https://registry.npmjs.org/glob/-/glob-7.1.1.tgz",
      "integrity": "sha1-gFIR3wT6rxxjo2ADBs31reULLsg=",
      "dev": true
    },
    "grim": {
      "version": "https://registry.npmjs.org/grim/-/grim-2.0.1.tgz",
      "integrity": "sha1-Kyb4kmmfObX2lSveWI589AcLab4=",
      "dev": true
    },
    "inflight": {
      "version": "https://registry.npmjs.org/inflight/-/inflight-1.0.6.tgz",
      "integrity": "sha1-Sb1jMdfQLQwJvJEKEHW6gWW1bfk=",
      "dev": true
    },
    "inherits": {
      "version": "https://registry.npmjs.org/inherits/-/inherits-2.0.3.tgz",
      "integrity": "sha1-Yzwsg+PaQqUC9SRmAiSA9CCCYd4=",
      "dev": true
    },
    "jasmine": {
      "version": "https://registry.npmjs.org/jasmine/-/jasmine-2.5.3.tgz",
      "integrity": "sha1-VEHyVOH8Imnesd/ZPg5X1WX/TSI=",
      "dev": true
    },
    "jasmine-core": {
      "version": "https://registry.npmjs.org/jasmine-core/-/jasmine-core-2.5.2.tgz",
      "integrity": "sha1-b2G9eQYeJ/Q+b5NV5Es8bKtv8pc=",
      "dev": true
    },
    "jasmine-local-storage": {
      "version": "https://registry.npmjs.org/jasmine-local-storage/-/jasmine-local-storage-1.0.0.tgz",
      "integrity": "sha1-J8W68YenjG6oLLjkMRg6cV1Dr+g=",
      "dev": true
    },
    "jasmine-pass": {
      "version": "https://registry.npmjs.org/jasmine-pass/-/jasmine-pass-1.0.0.tgz",
      "integrity": "sha1-aVZhz00aD6Qdpi7IdMrdqowzcpM=",
      "dev": true
    },
    "jasmine-promises": {
      "version": "https://registry.npmjs.org/jasmine-promises/-/jasmine-promises-0.4.1.tgz",
      "integrity": "sha1-OGtj4scU0z2bG3ra5Qd3M2bb8Ks=",
      "dev": true
    },
    "jasmine-should-fail": {
      "version": "https://registry.npmjs.org/jasmine-should-fail/-/jasmine-should-fail-1.0.2.tgz",
      "integrity": "sha1-K3zsaeV5CA8jH/cn/JuzVjdC908=",
      "dev": true
    },
    "jasmine-unspy": {
      "version": "https://registry.npmjs.org/jasmine-unspy/-/jasmine-unspy-1.0.0.tgz",
      "integrity": "sha1-zn4dL4JDlPXbvVIqPy0M2Bfm8zA=",
      "dev": true
    },
    "jasmine2-atom-matchers": {
      "version": "https://registry.npmjs.org/jasmine2-atom-matchers/-/jasmine2-atom-matchers-1.0.0.tgz",
      "integrity": "sha1-v5EgaWyJLYP22UJ9Bd3Nkir32n4=",
      "dev": true
    },
    "jasmine2-focused": {
      "version": "https://registry.npmjs.org/jasmine2-focused/-/jasmine2-focused-1.0.1.tgz",
      "integrity": "sha1-CfvkN3MLQL33YBncNH7J03K7UuI=",
      "dev": true
    },
    "jasmine2-json": {
      "version": "https://registry.npmjs.org/jasmine2-json/-/jasmine2-json-1.0.1.tgz",
      "integrity": "sha1-LruY3M1w9ypT7vyBbk+xgqo+o/Q=",
      "dev": true
    },
    "jasmine2-tagged": {
      "version": "https://registry.npmjs.org/jasmine2-tagged/-/jasmine2-tagged-1.0.0.tgz",
      "integrity": "sha1-7SODt4c+0Z1iGYo08g3qtgcwXVI=",
      "dev": true
    },
    "jquery": {
      "version": "https://registry.npmjs.org/jquery/-/jquery-3.2.0.tgz",
      "integrity": "sha1-O9u6ZuHu4HhVMt3a2w4NJSHKWEs=",
      "dev": true
    },
    "minimatch": {
      "version": "https://registry.npmjs.org/minimatch/-/minimatch-3.0.3.tgz",
      "integrity": "sha1-Kk5AkLlrLbBqnX3wEFWmKnfJt3Q=",
      "dev": true
    },
    "once": {
      "version": "https://registry.npmjs.org/once/-/once-1.4.0.tgz",
      "integrity": "sha1-WDsap3WWHUsROsF9nFC6753Xa9E=",
      "dev": true
    },
    "path-is-absolute": {
      "version": "https://registry.npmjs.org/path-is-absolute/-/path-is-absolute-1.0.1.tgz",
      "integrity": "sha1-F0uSaHNVNP+8es5r9TpanhtcX18=",
      "dev": true
    },
    "promisificator": {
      "version": "https://registry.npmjs.org/promisificator/-/promisificator-3.0.1.tgz",
      "integrity": "sha1-Eh/MswKbSGzwseWXx9H+uVAK3HY="
    },
    "string-argv": {
      "version": "https://registry.npmjs.org/string-argv/-/string-argv-0.0.2.tgz",
      "integrity": "sha1-2sMECGkMIfPDYwo/86BYd73L1zY="
    },
    "underscore": {
      "version": "https://registry.npmjs.org/underscore/-/underscore-1.6.0.tgz",
      "integrity": "sha1-izixDKze9jM3uLJOT/htRa6lKag=",
      "dev": true
    },
    "underscore-plus": {
      "version": "https://registry.npmjs.org/underscore-plus/-/underscore-plus-1.6.6.tgz",
      "integrity": "sha1-ZezeG9xEGjXYnmUP1w3PE65Dmn0=",
      "dev": true
    },
    "wrappy": {
      "version": "https://registry.npmjs.org/wrappy/-/wrappy-1.0.2.tgz",
      "integrity": "sha1-tSQ9jz7BqjXxNkYFvA0QNuMKtp8=",
      "dev": true
    }
  }
}
